<?xml version="1.0" encoding="utf-8"?>
<Project ToolsVersion="4.0" xmlns="http://schemas.microsoft.com/developer/msbuild/2003">
  <ItemGroup>
    <ClCompile Include="$(SolutionDir)\..\test\core\client_channel\resolve_srv_records.c">
      <Filter>test\core\client_channel</Filter>
    </ClCompile>
  </ItemGroup>

  <ItemGroup>
    <Filter Include="test">
      <UniqueIdentifier>{c3e916c6-335a-f3f2-2b00-8749de837005}</UniqueIdentifier>
    </Filter>
    <Filter Include="test\core">
      <UniqueIdentifier>{b09fdf49-f599-5ca1-7b10-cd92023e1510}</UniqueIdentifier>
    </Filter>
    <Filter Include="test\core\client_channel">
      <UniqueIdentifier>{8e4732d7-0c17-11f3-cb37-96ae1ac3c981}</UniqueIdentifier>
    </Filter>
  </ItemGroup>
</Project>

