<?xml version="1.0" encoding="utf-8"?>
<Project ToolsVersion="4.0" xmlns="http://schemas.microsoft.com/developer/msbuild/2003">
  <ItemGroup>
    <ClCompile Include="$(SolutionDir)\..\test\cpp\naming\naming_end2end_test.c">
      <Filter>test\cpp\naming</Filter>
    </ClCompile>
  </ItemGroup>

  <ItemGroup>
    <Filter Include="test">
      <UniqueIdentifier>{c985260a-fb10-e511-80cb-2ecd1c2fb446}</UniqueIdentifier>
    </Filter>
    <Filter Include="test\cpp">
      <UniqueIdentifier>{4bf8a006-9ad9-5d25-2397-ee357e0141e0}</UniqueIdentifier>
    </Filter>
    <Filter Include="test\cpp\naming">
      <UniqueIdentifier>{ea6506fa-1e3a-406f-c70d-8bcca474bd21}</UniqueIdentifier>
    </Filter>
  </ItemGroup>
</Project>

